// !$*UTF8*$!
{
	archiveVersion = 1;
	classes = {
	};
	objectVersion = 46;
	objects = {

/* Begin PBXBuildFile section */
		5EA612C41978EFC4002CD7A7 /* Foundation.framework in Frameworks */ = {isa = PBXBuildFile; fileRef = 5EA612C31978EFC4002CD7A7 /* Foundation.framework */; };
		5EA612C61978EFC4002CD7A7 /* CoreGraphics.framework in Frameworks */ = {isa = PBXBuildFile; fileRef = 5EA612C51978EFC4002CD7A7 /* CoreGraphics.framework */; };
		5EA612C81978EFC4002CD7A7 /* UIKit.framework in Frameworks */ = {isa = PBXBuildFile; fileRef = 5EA612C71978EFC4002CD7A7 /* UIKit.framework */; };
		5EA612CE1978EFC4002CD7A7 /* InfoPlist.strings in Resources */ = {isa = PBXBuildFile; fileRef = 5EA612CC1978EFC4002CD7A7 /* InfoPlist.strings */; };
		5EA612D01978EFC4002CD7A7 /* main.m in Sources */ = {isa = PBXBuildFile; fileRef = 5EA612CF1978EFC4002CD7A7 /* main.m */; };
		5EA612D41978EFC4002CD7A7 /* BNRAppDelegate.m in Sources */ = {isa = PBXBuildFile; fileRef = 5EA612D31978EFC4002CD7A7 /* BNRAppDelegate.m */; };
		5EA612D61978EFC4002CD7A7 /* Images.xcassets in Resources */ = {isa = PBXBuildFile; fileRef = 5EA612D51978EFC4002CD7A7 /* Images.xcassets */; };
		5EA612DD1978EFC5002CD7A7 /* XCTest.framework in Frameworks */ = {isa = PBXBuildFile; fileRef = 5EA612DC1978EFC5002CD7A7 /* XCTest.framework */; };
		5EA612DE1978EFC5002CD7A7 /* Foundation.framework in Frameworks */ = {isa = PBXBuildFile; fileRef = 5EA612C31978EFC4002CD7A7 /* Foundation.framework */; };
		5EA612DF1978EFC5002CD7A7 /* UIKit.framework in Frameworks */ = {isa = PBXBuildFile; fileRef = 5EA612C71978EFC4002CD7A7 /* UIKit.framework */; };
		5EA612E71978EFC5002CD7A7 /* InfoPlist.strings in Resources */ = {isa = PBXBuildFile; fileRef = 5EA612E51978EFC5002CD7A7 /* InfoPlist.strings */; };
		5EA612E91978EFC5002CD7A7 /* QuizTests.m in Sources */ = {isa = PBXBuildFile; fileRef = 5EA612E81978EFC5002CD7A7 /* QuizTests.m */; };
/* End PBXBuildFile section */

/* Begin PBXContainerItemProxy section */
		5EA612E01978EFC5002CD7A7 /* PBXContainerItemProxy */ = {
			isa = PBXContainerItemProxy;
			containerPortal = 5EA612B81978EFC4002CD7A7 /* Project object */;
			proxyType = 1;
			remoteGlobalIDString = 5EA612BF1978EFC4002CD7A7;
			remoteInfo = Quiz;
		};
/* End PBXContainerItemProxy section */

/* Begin PBXFileReference section */
		5EA612C01978EFC4002CD7A7 /* Quiz.app */ = {isa = PBXFileReference; explicitFileType = wrapper.application; includeInIndex = 0; path = Quiz.app; sourceTree = BUILT_PRODUCTS_DIR; };
		5EA612C31978EFC4002CD7A7 /* Foundation.framework */ = {isa = PBXFileReference; lastKnownFileType = wrapper.framework; name = Foundation.framework; path = System/Library/Frameworks/Foundation.framework; sourceTree = SDKROOT; };
		5EA612C51978EFC4002CD7A7 /* CoreGraphics.framework */ = {isa = PBXFileReference; lastKnownFileType = wrapper.framework; name = CoreGraphics.framework; path = System/Library/Frameworks/CoreGraphics.framework; sourceTree = SDKROOT; };
		5EA612C71978EFC4002CD7A7 /* UIKit.framework */ = {isa = PBXFileReference; lastKnownFileType = wrapper.framework; name = UIKit.framework; path = System/Library/Frameworks/UIKit.framework; sourceTree = SDKROOT; };
		5EA612CB1978EFC4002CD7A7 /* Quiz-Info.plist */ = {isa = PBXFileReference; lastKnownFileType = text.plist.xml; path = "Quiz-Info.plist"; sourceTree = "<group>"; };
		5EA612CD1978EFC4002CD7A7 /* en */ = {isa = PBXFileReference; lastKnownFileType = text.plist.strings; name = en; path = en.lproj/InfoPlist.strings; sourceTree = "<group>"; };
		5EA612CF1978EFC4002CD7A7 /* main.m */ = {isa = PBXFileReference; lastKnownFileType = sourcecode.c.objc; path = main.m; sourceTree = "<group>"; };
		5EA612D11978EFC4002CD7A7 /* Quiz-Prefix.pch */ = {isa = PBXFileReference; lastKnownFileType = sourcecode.c.h; path = "Quiz-Prefix.pch"; sourceTree = "<group>"; };
		5EA612D21978EFC4002CD7A7 /* BNRAppDelegate.h */ = {isa = PBXFileReference; lastKnownFileType = sourcecode.c.h; path = BNRAppDelegate.h; sourceTree = "<group>"; };
		5EA612D31978EFC4002CD7A7 /* BNRAppDelegate.m */ = {isa = PBXFileReference; lastKnownFileType = sourcecode.c.objc; path = BNRAppDelegate.m; sourceTree = "<group>"; };
		5EA612D51978EFC4002CD7A7 /* Images.xcassets */ = {isa = PBXFileReference; lastKnownFileType = folder.assetcatalog; path = Images.xcassets; sourceTree = "<group>"; };
		5EA612DB1978EFC5002CD7A7 /* QuizTests.xctest */ = {isa = PBXFileReference; explicitFileType = wrapper.cfbundle; includeInIndex = 0; path = QuizTests.xctest; sourceTree = BUILT_PRODUCTS_DIR; };
		5EA612DC1978EFC5002CD7A7 /* XCTest.framework */ = {isa = PBXFileReference; lastKnownFileType = wrapper.framework; name = XCTest.framework; path = Library/Frameworks/XCTest.framework; sourceTree = DEVELOPER_DIR; };
		5EA612E41978EFC5002CD7A7 /* QuizTests-Info.plist */ = {isa = PBXFileReference; lastKnownFileType = text.plist.xml; path = "QuizTests-Info.plist"; sourceTree = "<group>"; };
		5EA612E61978EFC5002CD7A7 /* en */ = {isa = PBXFileReference; lastKnownFileType = text.plist.strings; name = en; path = en.lproj/InfoPlist.strings; sourceTree = "<group>"; };
		5EA612E81978EFC5002CD7A7 /* QuizTests.m */ = {isa = PBXFileReference; lastKnownFileType = sourcecode.c.objc; path = QuizTests.m; sourceTree = "<group>"; };
/* End PBXFileReference section */

/* Begin PBXFrameworksBuildPhase section */
		5EA612BD1978EFC4002CD7A7 /* Frameworks */ = {
			isa = PBXFrameworksBuildPhase;
			buildActionMask = 2147483647;
			files = (
				5EA612C61978EFC4002CD7A7 /* CoreGraphics.framework in Frameworks */,
				5EA612C81978EFC4002CD7A7 /* UIKit.framework in Frameworks */,
				5EA612C41978EFC4002CD7A7 /* Foundation.framework in Frameworks */,
			);
			runOnlyForDeploymentPostprocessing = 0;
		};
		5EA612D81978EFC5002CD7A7 /* Frameworks */ = {
			isa = PBXFrameworksBuildPhase;
			buildActionMask = 2147483647;
			files = (
				5EA612DD1978EFC5002CD7A7 /* XCTest.framework in Frameworks */,
				5EA612DF1978EFC5002CD7A7 /* UIKit.framework in Frameworks */,
				5EA612DE1978EFC5002CD7A7 /* Foundation.framework in Frameworks */,
			);
			runOnlyForDeploymentPostprocessing = 0;
		};
/* End PBXFrameworksBuildPhase section */

/* Begin PBXGroup section */
		5EA612B71978EFC4002CD7A7 = {
			isa = PBXGroup;
			children = (
				5EA612C91978EFC4002CD7A7 /* Quiz */,
				5EA612E21978EFC5002CD7A7 /* QuizTests */,
				5EA612C21978EFC4002CD7A7 /* Frameworks */,
				5EA612C11978EFC4002CD7A7 /* Products */,
			);
			sourceTree = "<group>";
		};
		5EA612C11978EFC4002CD7A7 /* Products */ = {
			isa = PBXGroup;
			children = (
				5EA612C01978EFC4002CD7A7 /* Quiz.app */,
				5EA612DB1978EFC5002CD7A7 /* QuizTests.xctest */,
			);
			name = Products;
			sourceTree = "<group>";
		};
		5EA612C21978EFC4002CD7A7 /* Frameworks */ = {
			isa = PBXGroup;
			children = (
				5EA612C31978EFC4002CD7A7 /* Foundation.framework */,
				5EA612C51978EFC4002CD7A7 /* CoreGraphics.framework */,
				5EA612C71978EFC4002CD7A7 /* UIKit.framework */,
				5EA612DC1978EFC5002CD7A7 /* XCTest.framework */,
			);
			name = Frameworks;
			sourceTree = "<group>";
		};
		5EA612C91978EFC4002CD7A7 /* Quiz */ = {
			isa = PBXGroup;
			children = (
				5EA612D21978EFC4002CD7A7 /* BNRAppDelegate.h */,
				5EA612D31978EFC4002CD7A7 /* BNRAppDelegate.m */,
				5EA612D51978EFC4002CD7A7 /* Images.xcassets */,
				5EA612CA1978EFC4002CD7A7 /* Supporting Files */,
			);
			path = Quiz;
			sourceTree = "<group>";
		};
		5EA612CA1978EFC4002CD7A7 /* Supporting Files */ = {
			isa = PBXGroup;
			children = (
				5EA612CB1978EFC4002CD7A7 /* Quiz-Info.plist */,
				5EA612CC1978EFC4002CD7A7 /* InfoPlist.strings */,
				5EA612CF1978EFC4002CD7A7 /* main.m */,
				5EA612D11978EFC4002CD7A7 /* Quiz-Prefix.pch */,
			);
			name = "Supporting Files";
			sourceTree = "<group>";
		};
		5EA612E21978EFC5002CD7A7 /* QuizTests */ = {
			isa = PBXGroup;
			children = (
				5EA612E81978EFC5002CD7A7 /* QuizTests.m */,
				5EA612E31978EFC5002CD7A7 /* Supporting Files */,
			);
			path = QuizTests;
			sourceTree = "<group>";
		};
		5EA612E31978EFC5002CD7A7 /* Supporting Files */ = {
			isa = PBXGroup;
			children = (
				5EA612E41978EFC5002CD7A7 /* QuizTests-Info.plist */,
				5EA612E51978EFC5002CD7A7 /* InfoPlist.strings */,
			);
			name = "Supporting Files";
			sourceTree = "<group>";
		};
/* End PBXGroup section */

/* Begin PBXNativeTarget section */
		5EA612BF1978EFC4002CD7A7 /* Quiz */ = {
			isa = PBXNativeTarget;
			buildConfigurationList = 5EA612EC1978EFC5002CD7A7 /* Build configuration list for PBXNativeTarget "Quiz" */;
			buildPhases = (
				5EA612BC1978EFC4002CD7A7 /* Sources */,
				5EA612BD1978EFC4002CD7A7 /* Frameworks */,
				5EA612BE1978EFC4002CD7A7 /* Resources */,
			);
			buildRules = (
			);
			dependencies = (
			);
			name = Quiz;
			productName = Quiz;
			productReference = 5EA612C01978EFC4002CD7A7 /* Quiz.app */;
			productType = "com.apple.product-type.application";
		};
		5EA612DA1978EFC5002CD7A7 /* QuizTests */ = {
			isa = PBXNativeTarget;
			buildConfigurationList = 5EA612EF1978EFC5002CD7A7 /* Build configuration list for PBXNativeTarget "QuizTests" */;
			buildPhases = (
				5EA612D71978EFC5002CD7A7 /* Sources */,
				5EA612D81978EFC5002CD7A7 /* Frameworks */,
				5EA612D91978EFC5002CD7A7 /* Resources */,
			);
			buildRules = (
			);
			dependencies = (
				5EA612E11978EFC5002CD7A7 /* PBXTargetDependency */,
			);
			name = QuizTests;
			productName = QuizTests;
			productReference = 5EA612DB1978EFC5002CD7A7 /* QuizTests.xctest */;
			productType = "com.apple.product-type.bundle.unit-test";
		};
/* End PBXNativeTarget section */

/* Begin PBXProject section */
		5EA612B81978EFC4002CD7A7 /* Project object */ = {
			isa = PBXProject;
			attributes = {
				CLASSPREFIX = BNR;
				LastUpgradeCheck = 0510;
				ORGANIZATIONNAME = "Big Nerd Ranch";
				TargetAttributes = {
					5EA612DA1978EFC5002CD7A7 = {
						TestTargetID = 5EA612BF1978EFC4002CD7A7;
					};
				};
			};
			buildConfigurationList = 5EA612BB1978EFC4002CD7A7 /* Build configuration list for PBXProject "Quiz" */;
			compatibilityVersion = "Xcode 3.2";
			developmentRegion = English;
			hasScannedForEncodings = 0;
			knownRegions = (
				en,
			);
			mainGroup = 5EA612B71978EFC4002CD7A7;
			productRefGroup = 5EA612C11978EFC4002CD7A7 /* Products */;
			projectDirPath = "";
			projectRoot = "";
			targets = (
				5EA612BF1978EFC4002CD7A7 /* Quiz */,
				5EA612DA1978EFC5002CD7A7 /* QuizTests */,
			);
		};
/* End PBXProject section */

/* Begin PBXResourcesBuildPhase section */
		5EA612BE1978EFC4002CD7A7 /* Resources */ = {
			isa = PBXResourcesBuildPhase;
			buildActionMask = 2147483647;
			files = (
				5EA612CE1978EFC4002CD7A7 /* InfoPlist.strings in Resources */,
				5EA612D61978EFC4002CD7A7 /* Images.xcassets in Resources */,
			);
			runOnlyForDeploymentPostprocessing = 0;
		};
		5EA612D91978EFC5002CD7A7 /* Resources */ = {
			isa = PBXResourcesBuildPhase;
			buildActionMask = 2147483647;
			files = (
				5EA612E71978EFC5002CD7A7 /* InfoPlist.strings in Resources */,
			);
			runOnlyForDeploymentPostprocessing = 0;
		};
/* End PBXResourcesBuildPhase section */

/* Begin PBXSourcesBuildPhase section */
		5EA612BC1978EFC4002CD7A7 /* Sources */ = {
			isa = PBXSourcesBuildPhase;
			buildActionMask = 2147483647;
			files = (
				5EA612D01978EFC4002CD7A7 /* main.m in Sources */,
				5EA612D41978EFC4002CD7A7 /* BNRAppDelegate.m in Sources */,
			);
			runOnlyForDeploymentPostprocessing = 0;
		};
		5EA612D71978EFC5002CD7A7 /* Sources */ = {
			isa = PBXSourcesBuildPhase;
			buildActionMask = 2147483647;
			files = (
				5EA612E91978EFC5002CD7A7 /* QuizTests.m in Sources */,
			);
			runOnlyForDeploymentPostprocessing = 0;
		};
/* End PBXSourcesBuildPhase section */

/* Begin PBXTargetDependency section */
		5EA612E11978EFC5002CD7A7 /* PBXTargetDependency */ = {
			isa = PBXTargetDependency;
			target = 5EA612BF1978EFC4002CD7A7 /* Quiz */;
			targetProxy = 5EA612E01978EFC5002CD7A7 /* PBXContainerItemProxy */;
		};
/* End PBXTargetDependency section */

/* Begin PBXVariantGroup section */
		5EA612CC1978EFC4002CD7A7 /* InfoPlist.strings */ = {
			isa = PBXVariantGroup;
			children = (
				5EA612CD1978EFC4002CD7A7 /* en */,
			);
			name = InfoPlist.strings;
			sourceTree = "<group>";
		};
		5EA612E51978EFC5002CD7A7 /* InfoPlist.strings */ = {
			isa = PBXVariantGroup;
			children = (
				5EA612E61978EFC5002CD7A7 /* en */,
			);
			name = InfoPlist.strings;
			sourceTree = "<group>";
		};
/* End PBXVariantGroup section */

/* Begin XCBuildConfiguration section */
		5EA612EA1978EFC5002CD7A7 /* Debug */ = {
			isa = XCBuildConfiguration;
			buildSettings = {
				ALWAYS_SEARCH_USER_PATHS = NO;
				CLANG_CXX_LANGUAGE_STANDARD = "gnu++0x";
				CLANG_CXX_LIBRARY = "libc++";
				CLANG_ENABLE_MODULES = YES;
				CLANG_ENABLE_OBJC_ARC = YES;
				CLANG_WARN_BOOL_CONVERSION = YES;
				CLANG_WARN_CONSTANT_CONVERSION = YES;
				CLANG_WARN_DIRECT_OBJC_ISA_USAGE = YES_ERROR;
				CLANG_WARN_EMPTY_BODY = YES;
				CLANG_WARN_ENUM_CONVERSION = YES;
				CLANG_WARN_INT_CONVERSION = YES;
				CLANG_WARN_OBJC_ROOT_CLASS = YES_ERROR;
				CLANG_WARN__DUPLICATE_METHOD_MATCH = YES;
				"CODE_SIGN_IDENTITY[sdk=iphoneos*]" = "iPhone Developer";
				COPY_PHASE_STRIP = NO;
				GCC_C_LANGUAGE_STANDARD = gnu99;
				GCC_DYNAMIC_NO_PIC = NO;
				GCC_OPTIMIZATION_LEVEL = 0;
				GCC_PREPROCESSOR_DEFINITIONS = (
					"DEBUG=1",
					"$(inherited)",
				);
				GCC_SYMBOLS_PRIVATE_EXTERN = NO;
				GCC_WARN_64_TO_32_BIT_CONVERSION = YES;
				GCC_WARN_ABOUT_RETURN_TYPE = YES_ERROR;
				GCC_WARN_UNDECLARED_SELECTOR = YES;
				GCC_WARN_UNINITIALIZED_AUTOS = YES_AGGRESSIVE;
				GCC_WARN_UNUSED_FUNCTION = YES;
				GCC_WARN_UNUSED_VARIABLE = YES;
				IPHONEOS_DEPLOYMENT_TARGET = 7.1;
				ONLY_ACTIVE_ARCH = YES;
				SDKROOT = iphoneos;
			};
			name = Debug;
		};
		5EA612EB1978EFC5002CD7A7 /* Release */ = {
			isa = XCBuildConfiguration;
			buildSettings = {
				ALWAYS_SEARCH_USER_PATHS = NO;
				CLANG_CXX_LANGUAGE_STANDARD = "gnu++0x";
				CLANG_CXX_LIBRARY = "libc++";
				CLANG_ENABLE_MODULES = YES;
				CLANG_ENABLE_OBJC_ARC = YES;
				CLANG_WARN_BOOL_CONVERSION = YES;
				CLANG_WARN_CONSTANT_CONVERSION = YES;
				CLANG_WARN_DIRECT_OBJC_ISA_USAGE = YES_ERROR;
				CLANG_WARN_EMPTY_BODY = YES;
				CLANG_WARN_ENUM_CONVERSION = YES;
				CLANG_WARN_INT_CONVERSION = YES;
				CLANG_WARN_OBJC_ROOT_CLASS = YES_ERROR;
				CLANG_WARN__DUPLICATE_METHOD_MATCH = YES;
				"CODE_SIGN_IDENTITY[sdk=iphoneos*]" = "iPhone Developer";
				COPY_PHASE_STRIP = YES;
				ENABLE_NS_ASSERTIONS = NO;
				GCC_C_LANGUAGE_STANDARD = gnu99;
				GCC_WARN_64_TO_32_BIT_CONVERSION = YES;
				GCC_WARN_ABOUT_RETURN_TYPE = YES_ERROR;
				GCC_WARN_UNDECLARED_SELECTOR = YES;
				GCC_WARN_UNINITIALIZED_AUTOS = YES_AGGRESSIVE;
				GCC_WARN_UNUSED_FUNCTION = YES;
				GCC_WARN_UNUSED_VARIABLE = YES;
				IPHONEOS_DEPLOYMENT_TARGET = 7.1;
				SDKROOT = iphoneos;
				VALIDATE_PRODUCT = YES;
			};
			name = Release;
		};
		5EA612ED1978EFC5002CD7A7 /* Debug */ = {
			isa = XCBuildConfiguration;
			buildSettings = {
				ASSETCATALOG_COMPILER_APPICON_NAME = AppIcon;
				ASSETCATALOG_COMPILER_LAUNCHIMAGE_NAME = LaunchImage;
				GCC_PRECOMPILE_PREFIX_HEADER = YES;
				GCC_PREFIX_HEADER = "Quiz/Quiz-Prefix.pch";
				INFOPLIST_FILE = "Quiz/Quiz-Info.plist";
				PRODUCT_NAME = "$(TARGET_NAME)";
				WRAPPER_EXTENSION = app;
			};
			name = Debug;
		};
		5EA612EE1978EFC5002CD7A7 /* Release */ = {
			isa = XCBuildConfiguration;
			buildSettings = {
				ASSETCATALOG_COMPILER_APPICON_NAME = AppIcon;
				ASSETCATALOG_COMPILER_LAUNCHIMAGE_NAME = LaunchImage;
				GCC_PRECOMPILE_PREFIX_HEADER = YES;
				GCC_PREFIX_HEADER = "Quiz/Quiz-Prefix.pch";
				INFOPLIST_FILE = "Quiz/Quiz-Info.plist";
				PRODUCT_NAME = "$(TARGET_NAME)";
				WRAPPER_EXTENSION = app;
			};
			name = Release;
		};
		5EA612F01978EFC5002CD7A7 /* Debug */ = {
			isa = XCBuildConfiguration;
			buildSettings = {
				BUNDLE_LOADER = "$(BUILT_PRODUCTS_DIR)/Quiz.app/Quiz";
				FRAMEWORK_SEARCH_PATHS = (
					"$(SDKROOT)/Developer/Library/Frameworks",
					"$(inherited)",
					"$(DEVELOPER_FRAMEWORKS_DIR)",
				);
				GCC_PRECOMPILE_PREFIX_HEADER = YES;
				GCC_PREFIX_HEADER = "Quiz/Quiz-Prefix.pch";
				GCC_PREPROCESSOR_DEFINITIONS = (
					"DEBUG=1",
					"$(inherited)",
				);
				INFOPLIST_FILE = "QuizTests/QuizTests-Info.plist";
				PRODUCT_NAME = "$(TARGET_NAME)";
				TEST_HOST = "$(BUNDLE_LOADER)";
				WRAPPER_EXTENSION = xctest;
			};
			name = Debug;
		};
		5EA612F11978EFC5002CD7A7 /* Release */ = {
			isa = XCBuildConfiguration;
			buildSettings = {
				BUNDLE_LOADER = "$(BUILT_PRODUCTS_DIR)/Quiz.app/Quiz";
				FRAMEWORK_SEARCH_PATHS = (
					"$(SDKROOT)/Developer/Library/Frameworks",
					"$(inherited)",
					"$(DEVELOPER_FRAMEWORKS_DIR)",
				);
				GCC_PRECOMPILE_PREFIX_HEADER = YES;
				GCC_PREFIX_HEADER = "Quiz/Quiz-Prefix.pch";
				INFOPLIST_FILE = "QuizTests/QuizTests-Info.plist";
				PRODUCT_NAME = "$(TARGET_NAME)";
				TEST_HOST = "$(BUNDLE_LOADER)";
				WRAPPER_EXTENSION = xctest;
			};
			name = Release;
		};
/* End XCBuildConfiguration section */

/* Begin XCConfigurationList section */
		5EA612BB1978EFC4002CD7A7 /* Build configuration list for PBXProject "Quiz" */ = {
			isa = XCConfigurationList;
			buildConfigurations = (
				5EA612EA1978EFC5002CD7A7 /* Debug */,
				5EA612EB1978EFC5002CD7A7 /* Release */,
			);
			defaultConfigurationIsVisible = 0;
			defaultConfigurationName = Release;
		};
		5EA612EC1978EFC5002CD7A7 /* Build configuration list for PBXNativeTarget "Quiz" */ = {
			isa = XCConfigurationList;
			buildConfigurations = (
				5EA612ED1978EFC5002CD7A7 /* Debug */,
				5EA612EE1978EFC5002CD7A7 /* Release */,
			);
			defaultConfigurationIsVisible = 0;
		};
		5EA612EF1978EFC5002CD7A7 /* Build configuration list for PBXNativeTarget "QuizTests" */ = {
			isa = XCConfigurationList;
			buildConfigurations = (
				5EA612F01978EFC5002CD7A7 /* Debug */,
				5EA612F11978EFC5002CD7A7 /* Release */,
			);
			defaultConfigurationIsVisible = 0;
		};
/* End XCConfigurationList section */
	};
	rootObject = 5EA612B81978EFC4002CD7A7 /* Project object */;
}
